github.com/layervai/qurl-go v0.0.0-20260716040040-8a6964295703 h1:pGI2p9Dx2D4P9BT9VYhBACiSNk12bg42IvoO25x7h7g=
github.com/layervai/qurl-go v0.0.0-20260716040040-8a6964295703/go.mod h1:w4Sts4npxKxhd9fCojNaEtaafxcyMILjIozWnQUGafs=
golang.org/x/crypto v0.53.0 h1:QZ4Muo8THX6CizN2vPPd5fBGHyogrdK9fG4wLPFUsto=
golang.org/x/crypto v0.53.0/go.mod h1:DNLU434OwVakk9PzuwV8w62mAJpRJL3vsgcfp4Qnsio=
golang.org/x/sys v0.46.0 h1:noSf2Fq6F8DBgS+LysIkx7rIExoNHJsxOAtPp4rthXw=
golang.org/x/sys v0.46.0/go.mod h1:4GL1E5IUh+htKOUEOaiffhrAeqysfVGipDYzABqnCmw=
